// !$*UTF8*$!
{
	archiveVersion = 1;
	classes = {
	};
	objectVersion = 50;
	objects = {

/* Begin PBXBuildFile section */
		04770525241FF3AC003E6BCC /* AppDelegate.m in Sources */ = {isa = PBXBuildFile; fileRef = 04770524241FF3AC003E6BCC /* AppDelegate.m */; };
		04770528241FF3AC003E6BCC /* SceneDelegate.m in Sources */ = {isa = PBXBuildFile; fileRef = 04770527241FF3AC003E6BCC /* SceneDelegate.m */; };
		0477052B241FF3AC003E6BCC /* MovieListViewController.m in Sources */ = {isa = PBXBuildFile; fileRef = 0477052A241FF3AC003E6BCC /* MovieListViewController.m */; };
		0477052E241FF3AC003E6BCC /* MovieList.storyboard in Resources */ = {isa = PBXBuildFile; fileRef = 0477052C241FF3AC003E6BCC /* MovieList.storyboard */; };
		04770530241FF3AF003E6BCC /* Assets.xcassets in Resources */ = {isa = PBXBuildFile; fileRef = 0477052F241FF3AF003E6BCC /* Assets.xcassets */; };
		04770533241FF3AF003E6BCC /* LaunchScreen.storyboard in Resources */ = {isa = PBXBuildFile; fileRef = 04770531241FF3AF003E6BCC /* LaunchScreen.storyboard */; };
		04770536241FF3AF003E6BCC /* main.m in Sources */ = {isa = PBXBuildFile; fileRef = 04770535241FF3AF003E6BCC /* main.m */; };
		04EB433C242129FD00BC3D3D /* MovieDetail.storyboard in Resources */ = {isa = PBXBuildFile; fileRef = 04EB433B242129FD00BC3D3D /* MovieDetail.storyboard */; };
		04EB433F24212B9100BC3D3D /* MovieDetailViewController.m in Sources */ = {isa = PBXBuildFile; fileRef = 04EB433E24212B9100BC3D3D /* MovieDetailViewController.m */; };
		04EB434624214FE700BC3D3D /* DescriptionCell.m in Sources */ = {isa = PBXBuildFile; fileRef = 04EB434524214FE700BC3D3D /* DescriptionCell.m */; };
		04EB434924215DF700BC3D3D /* HeaderCell.m in Sources */ = {isa = PBXBuildFile; fileRef = 04EB434824215DF700BC3D3D /* HeaderCell.m */; };
/* End PBXBuildFile section */

/* Begin PBXFileReference section */
		04770520241FF3AC003E6BCC /* ObjectiveCMovieDB.app */ = {isa = PBXFileReference; explicitFileType = wrapper.application; includeInIndex = 0; path = ObjectiveCMovieDB.app; sourceTree = BUILT_PRODUCTS_DIR; };
		04770523241FF3AC003E6BCC /* AppDelegate.h */ = {isa = PBXFileReference; lastKnownFileType = sourcecode.c.h; path = AppDelegate.h; sourceTree = "<group>"; };
		04770524241FF3AC003E6BCC /* AppDelegate.m */ = {isa = PBXFileReference; lastKnownFileType = sourcecode.c.objc; path = AppDelegate.m; sourceTree = "<group>"; };
		04770526241FF3AC003E6BCC /* SceneDelegate.h */ = {isa = PBXFileReference; lastKnownFileType = sourcecode.c.h; path = SceneDelegate.h; sourceTree = "<group>"; };
		04770527241FF3AC003E6BCC /* SceneDelegate.m */ = {isa = PBXFileReference; lastKnownFileType = sourcecode.c.objc; path = SceneDelegate.m; sourceTree = "<group>"; };
		04770529241FF3AC003E6BCC /* MovieListViewController.h */ = {isa = PBXFileReference; lastKnownFileType = sourcecode.c.h; path = MovieListViewController.h; sourceTree = "<group>"; };
		0477052A241FF3AC003E6BCC /* MovieListViewController.m */ = {isa = PBXFileReference; lastKnownFileType = sourcecode.c.objc; path = MovieListViewController.m; sourceTree = "<group>"; };
		0477052D241FF3AC003E6BCC /* Base */ = {isa = PBXFileReference; lastKnownFileType = file.storyboard; name = Base; path = Base.lproj/MovieList.storyboard; sourceTree = "<group>"; };
		0477052F241FF3AF003E6BCC /* Assets.xcassets */ = {isa = PBXFileReference; lastKnownFileType = folder.assetcatalog; path = Assets.xcassets; sourceTree = "<group>"; };
		04770532241FF3AF003E6BCC /* Base */ = {isa = PBXFileReference; lastKnownFileType = file.storyboard; name = Base; path = Base.lproj/LaunchScreen.storyboard; sourceTree = "<group>"; };
		04770534241FF3AF003E6BCC /* Info.plist */ = {isa = PBXFileReference; lastKnownFileType = text.plist.xml; path = Info.plist; sourceTree = "<group>"; };
		04770535241FF3AF003E6BCC /* main.m */ = {isa = PBXFileReference; lastKnownFileType = sourcecode.c.objc; path = main.m; sourceTree = "<group>"; };
		04EB433B242129FD00BC3D3D /* MovieDetail.storyboard */ = {isa = PBXFileReference; lastKnownFileType = file.storyboard; path = MovieDetail.storyboard; sourceTree = "<group>"; };
		04EB433D24212B7A00BC3D3D /* MovieDetailViewController.h */ = {isa = PBXFileReference; lastKnownFileType = sourcecode.c.h; path = MovieDetailViewController.h; sourceTree = "<group>"; };
		04EB433E24212B9100BC3D3D /* MovieDetailViewController.m */ = {isa = PBXFileReference; lastKnownFileType = sourcecode.c.objc; path = MovieDetailViewController.m; sourceTree = "<group>"; };
		04EB434524214FE700BC3D3D /* DescriptionCell.m */ = {isa = PBXFileReference; lastKnownFileType = sourcecode.c.objc; path = DescriptionCell.m; sourceTree = "<group>"; };
		04EB434724214FF100BC3D3D /* DescriptionCell.h */ = {isa = PBXFileReference; lastKnownFileType = sourcecode.c.h; path = DescriptionCell.h; sourceTree = "<group>"; };
		04EB434824215DF700BC3D3D /* HeaderCell.m */ = {isa = PBXFileReference; lastKnownFileType = sourcecode.c.objc; path = HeaderCell.m; sourceTree = "<group>"; };
		04EB434A24215E0100BC3D3D /* HeaderCell.h */ = {isa = PBXFileReference; lastKnownFileType = sourcecode.c.h; path = HeaderCell.h; sourceTree = "<group>"; };
/* End PBXFileReference section */

/* Begin PBXFrameworksBuildPhase section */
		0477051D241FF3AC003E6BCC /* Frameworks */ = {
			isa = PBXFrameworksBuildPhase;
			buildActionMask = 2147483647;
			files = (
			);
			runOnlyForDeploymentPostprocessing = 0;
		};
/* End PBXFrameworksBuildPhase section */

/* Begin PBXGroup section */
		04770517241FF3AC003E6BCC = {
			isa = PBXGroup;
			children = (
				04770522241FF3AC003E6BCC /* ObjectiveCMovieDB */,
				04770521241FF3AC003E6BCC /* Products */,
			);
			sourceTree = "<group>";
		};
		04770521241FF3AC003E6BCC /* Products */ = {
			isa = PBXGroup;
			children = (
				04770520241FF3AC003E6BCC /* ObjectiveCMovieDB.app */,
			);
			name = Products;
			sourceTree = "<group>";
		};
		04770522241FF3AC003E6BCC /* ObjectiveCMovieDB */ = {
			isa = PBXGroup;
			children = (
				2D22C874241FFB3F00029765 /* Movie list screen */,
				2D22C875241FFB6B00029765 /* Detail screen */,
				04770523241FF3AC003E6BCC /* AppDelegate.h */,
				04770524241FF3AC003E6BCC /* AppDelegate.m */,
				04770526241FF3AC003E6BCC /* SceneDelegate.h */,
				04770527241FF3AC003E6BCC /* SceneDelegate.m */,
				0477052F241FF3AF003E6BCC /* Assets.xcassets */,
				04770531241FF3AF003E6BCC /* LaunchScreen.storyboard */,
				04770534241FF3AF003E6BCC /* Info.plist */,
				04770535241FF3AF003E6BCC /* main.m */,
			);
			path = ObjectiveCMovieDB;
			sourceTree = "<group>";
		};
		04EB434424214FD100BC3D3D /* Cells */ = {
			isa = PBXGroup;
			children = (
				04EB434724214FF100BC3D3D /* DescriptionCell.h */,
				04EB434524214FE700BC3D3D /* DescriptionCell.m */,
				04EB434824215DF700BC3D3D /* HeaderCell.m */,
				04EB434A24215E0100BC3D3D /* HeaderCell.h */,
			);
			path = Cells;
			sourceTree = "<group>";
		};
		2D22C874241FFB3F00029765 /* Movie list screen */ = {
			isa = PBXGroup;
			children = (
				2D22C879241FFCBD00029765 /* Model */,
				2D22C87A241FFCC500029765 /* View */,
				2D22C87B241FFCCD00029765 /* Controller */,
			);
			path = "Movie list screen";
			sourceTree = "<group>";
		};
		2D22C875241FFB6B00029765 /* Detail screen */ = {
			isa = PBXGroup;
			children = (
				2D22C876241FFBE200029765 /* Model */,
				2D22C877241FFBEB00029765 /* View */,
				2D22C878241FFBFB00029765 /* Controller */,
			);
			path = "Detail screen";
			sourceTree = "<group>";
		};
		2D22C876241FFBE200029765 /* Model */ = {
			isa = PBXGroup;
			children = (
			);
			path = Model;
			sourceTree = "<group>";
		};
		2D22C877241FFBEB00029765 /* View */ = {
			isa = PBXGroup;
			children = (
				04EB434424214FD100BC3D3D /* Cells */,
				04EB433B242129FD00BC3D3D /* MovieDetail.storyboard */,
			);
			path = View;
			sourceTree = "<group>";
		};
		2D22C878241FFBFB00029765 /* Controller */ = {
			isa = PBXGroup;
			children = (
				04EB433D24212B7A00BC3D3D /* MovieDetailViewController.h */,
				04EB433E24212B9100BC3D3D /* MovieDetailViewController.m */,
			);
			path = Controller;
			sourceTree = "<group>";
		};
		2D22C879241FFCBD00029765 /* Model */ = {
			isa = PBXGroup;
			children = (
			);
			path = Model;
			sourceTree = "<group>";
		};
		2D22C87A241FFCC500029765 /* View */ = {
			isa = PBXGroup;
			children = (
				0477052C241FF3AC003E6BCC /* MovieList.storyboard */,
			);
			path = View;
			sourceTree = "<group>";
		};
		2D22C87B241FFCCD00029765 /* Controller */ = {
			isa = PBXGroup;
			children = (
				04770529241FF3AC003E6BCC /* MovieListViewController.h */,
				0477052A241FF3AC003E6BCC /* MovieListViewController.m */,
			);
			path = Controller;
			sourceTree = "<group>";
		};
/* End PBXGroup section */

/* Begin PBXNativeTarget section */
		0477051F241FF3AC003E6BCC /* ObjectiveCMovieDB */ = {
			isa = PBXNativeTarget;
			buildConfigurationList = 04770539241FF3AF003E6BCC /* Build configuration list for PBXNativeTarget "ObjectiveCMovieDB" */;
			buildPhases = (
				0477051C241FF3AC003E6BCC /* Sources */,
				0477051D241FF3AC003E6BCC /* Frameworks */,
				0477051E241FF3AC003E6BCC /* Resources */,
			);
			buildRules = (
			);
			dependencies = (
			);
			name = ObjectiveCMovieDB;
			productName = ObjectiveCMovieDB;
			productReference = 04770520241FF3AC003E6BCC /* ObjectiveCMovieDB.app */;
			productType = "com.apple.product-type.application";
		};
/* End PBXNativeTarget section */

/* Begin PBXProject section */
		04770518241FF3AC003E6BCC /* Project object */ = {
			isa = PBXProject;
			attributes = {
				LastUpgradeCheck = 1130;
				ORGANIZATIONNAME = "Rafael Ferreira";
				TargetAttributes = {
					0477051F241FF3AC003E6BCC = {
						CreatedOnToolsVersion = 11.3.1;
					};
				};
			};
			buildConfigurationList = 0477051B241FF3AC003E6BCC /* Build configuration list for PBXProject "ObjectiveCMovieDB" */;
			compatibilityVersion = "Xcode 9.3";
			developmentRegion = en;
			hasScannedForEncodings = 0;
			knownRegions = (
				en,
				Base,
			);
			mainGroup = 04770517241FF3AC003E6BCC;
			productRefGroup = 04770521241FF3AC003E6BCC /* Products */;
			projectDirPath = "";
			projectRoot = "";
			targets = (
				0477051F241FF3AC003E6BCC /* ObjectiveCMovieDB */,
			);
		};
/* End PBXProject section */

/* Begin PBXResourcesBuildPhase section */
		0477051E241FF3AC003E6BCC /* Resources */ = {
			isa = PBXResourcesBuildPhase;
			buildActionMask = 2147483647;
			files = (
				04EB433C242129FD00BC3D3D /* MovieDetail.storyboard in Resources */,
				04770533241FF3AF003E6BCC /* LaunchScreen.storyboard in Resources */,
				04770530241FF3AF003E6BCC /* Assets.xcassets in Resources */,
				0477052E241FF3AC003E6BCC /* MovieList.storyboard in Resources */,
			);
			runOnlyForDeploymentPostprocessing = 0;
		};
/* End PBXResourcesBuildPhase section */

/* Begin PBXSourcesBuildPhase section */
		0477051C241FF3AC003E6BCC /* Sources */ = {
			isa = PBXSourcesBuildPhase;
			buildActionMask = 2147483647;
			files = (
				04EB434924215DF700BC3D3D /* HeaderCell.m in Sources */,
				04EB434624214FE700BC3D3D /* DescriptionCell.m in Sources */,
				0477052B241FF3AC003E6BCC /* MovieListViewController.m in Sources */,
				04770525241FF3AC003E6BCC /* AppDelegate.m in Sources */,
				04EB433F24212B9100BC3D3D /* MovieDetailViewController.m in Sources */,
				04770536241FF3AF003E6BCC /* main.m in Sources */,
				04770528241FF3AC003E6BCC /* SceneDelegate.m in Sources */,
			);
			runOnlyForDeploymentPostprocessing = 0;
		};
/* End PBXSourcesBuildPhase section */

/* Begin PBXVariantGroup section */
		0477052C241FF3AC003E6BCC /* MovieList.storyboard */ = {
			isa = PBXVariantGroup;
			children = (
				0477052D241FF3AC003E6BCC /* Base */,
			);
			name = MovieList.storyboard;
			sourceTree = "<group>";
		};
		04770531241FF3AF003E6BCC /* LaunchScreen.storyboard */ = {
			isa = PBXVariantGroup;
			children = (
				04770532241FF3AF003E6BCC /* Base */,
			);
			name = LaunchScreen.storyboard;
			sourceTree = "<group>";
		};
/* End PBXVariantGroup section */

/* Begin XCBuildConfiguration section */
		04770537241FF3AF003E6BCC /* Debug */ = {
			isa = XCBuildConfiguration;
			buildSettings = {
				ALWAYS_SEARCH_USER_PATHS = NO;
				CLANG_ANALYZER_NONNULL = YES;
				CLANG_ANALYZER_NUMBER_OBJECT_CONVERSION = YES_AGGRESSIVE;
				CLANG_CXX_LANGUAGE_STANDARD = "gnu++14";
				CLANG_CXX_LIBRARY = "libc++";
				CLANG_ENABLE_MODULES = YES;
				CLANG_ENABLE_OBJC_ARC = YES;
				CLANG_ENABLE_OBJC_WEAK = YES;
				CLANG_WARN_BLOCK_CAPTURE_AUTORELEASING = YES;
				CLANG_WARN_BOOL_CONVERSION = YES;
				CLANG_WARN_COMMA = YES;
				CLANG_WARN_CONSTANT_CONVERSION = YES;
				CLANG_WARN_DEPRECATED_OBJC_IMPLEMENTATIONS = YES;
				CLANG_WARN_DIRECT_OBJC_ISA_USAGE = YES_ERROR;
				CLANG_WARN_DOCUMENTATION_COMMENTS = YES;
				CLANG_WARN_EMPTY_BODY = YES;
				CLANG_WARN_ENUM_CONVERSION = YES;
				CLANG_WARN_INFINITE_RECURSION = YES;
				CLANG_WARN_INT_CONVERSION = YES;
				CLANG_WARN_NON_LITERAL_NULL_CONVERSION = YES;
				CLANG_WARN_OBJC_IMPLICIT_RETAIN_SELF = YES;
				CLANG_WARN_OBJC_LITERAL_CONVERSION = YES;
				CLANG_WARN_OBJC_ROOT_CLASS = YES_ERROR;
				CLANG_WARN_RANGE_LOOP_ANALYSIS = YES;
				CLANG_WARN_STRICT_PROTOTYPES = YES;
				CLANG_WARN_SUSPICIOUS_MOVE = YES;
				CLANG_WARN_UNGUARDED_AVAILABILITY = YES_AGGRESSIVE;
				CLANG_WARN_UNREACHABLE_CODE = YES;
				CLANG_WARN__DUPLICATE_METHOD_MATCH = YES;
				COPY_PHASE_STRIP = NO;
				DEBUG_INFORMATION_FORMAT = dwarf;
				ENABLE_STRICT_OBJC_MSGSEND = YES;
				ENABLE_TESTABILITY = YES;
				GCC_C_LANGUAGE_STANDARD = gnu11;
				GCC_DYNAMIC_NO_PIC = NO;
				GCC_NO_COMMON_BLOCKS = YES;
				GCC_OPTIMIZATION_LEVEL = 0;
				GCC_PREPROCESSOR_DEFINITIONS = (
					"DEBUG=1",
					"$(inherited)",
				);
				GCC_WARN_64_TO_32_BIT_CONVERSION = YES;
				GCC_WARN_ABOUT_RETURN_TYPE = YES_ERROR;
				GCC_WARN_UNDECLARED_SELECTOR = YES;
				GCC_WARN_UNINITIALIZED_AUTOS = YES_AGGRESSIVE;
				GCC_WARN_UNUSED_FUNCTION = YES;
				GCC_WARN_UNUSED_VARIABLE = YES;
				IPHONEOS_DEPLOYMENT_TARGET = 13.2;
				MTL_ENABLE_DEBUG_INFO = INCLUDE_SOURCE;
				MTL_FAST_MATH = YES;
				ONLY_ACTIVE_ARCH = YES;
				SDKROOT = iphoneos;
			};
			name = Debug;
		};
		04770538241FF3AF003E6BCC /* Release */ = {
			isa = XCBuildConfiguration;
			buildSettings = {
				ALWAYS_SEARCH_USER_PATHS = NO;
				CLANG_ANALYZER_NONNULL = YES;
				CLANG_ANALYZER_NUMBER_OBJECT_CONVERSION = YES_AGGRESSIVE;
				CLANG_CXX_LANGUAGE_STANDARD = "gnu++14";
				CLANG_CXX_LIBRARY = "libc++";
				CLANG_ENABLE_MODULES = YES;
				CLANG_ENABLE_OBJC_ARC = YES;
				CLANG_ENABLE_OBJC_WEAK = YES;
				CLANG_WARN_BLOCK_CAPTURE_AUTORELEASING = YES;
				CLANG_WARN_BOOL_CONVERSION = YES;
				CLANG_WARN_COMMA = YES;
				CLANG_WARN_CONSTANT_CONVERSION = YES;
				CLANG_WARN_DEPRECATED_OBJC_IMPLEMENTATIONS = YES;
				CLANG_WARN_DIRECT_OBJC_ISA_USAGE = YES_ERROR;
				CLANG_WARN_DOCUMENTATION_COMMENTS = YES;
				CLANG_WARN_EMPTY_BODY = YES;
				CLANG_WARN_ENUM_CONVERSION = YES;
				CLANG_WARN_INFINITE_RECURSION = YES;
				CLANG_WARN_INT_CONVERSION = YES;
				CLANG_WARN_NON_LITERAL_NULL_CONVERSION = YES;
				CLANG_WARN_OBJC_IMPLICIT_RETAIN_SELF = YES;
				CLANG_WARN_OBJC_LITERAL_CONVERSION = YES;
				CLANG_WARN_OBJC_ROOT_CLASS = YES_ERROR;
				CLANG_WARN_RANGE_LOOP_ANALYSIS = YES;
				CLANG_WARN_STRICT_PROTOTYPES = YES;
				CLANG_WARN_SUSPICIOUS_MOVE = YES;
				CLANG_WARN_UNGUARDED_AVAILABILITY = YES_AGGRESSIVE;
				CLANG_WARN_UNREACHABLE_CODE = YES;
				CLANG_WARN__DUPLICATE_METHOD_MATCH = YES;
				COPY_PHASE_STRIP = NO;
				DEBUG_INFORMATION_FORMAT = "dwarf-with-dsym";
				ENABLE_NS_ASSERTIONS = NO;
				ENABLE_STRICT_OBJC_MSGSEND = YES;
				GCC_C_LANGUAGE_STANDARD = gnu11;
				GCC_NO_COMMON_BLOCKS = YES;
				GCC_WARN_64_TO_32_BIT_CONVERSION = YES;
				GCC_WARN_ABOUT_RETURN_TYPE = YES_ERROR;
				GCC_WARN_UNDECLARED_SELECTOR = YES;
				GCC_WARN_UNINITIALIZED_AUTOS = YES_AGGRESSIVE;
				GCC_WARN_UNUSED_FUNCTION = YES;
				GCC_WARN_UNUSED_VARIABLE = YES;
				IPHONEOS_DEPLOYMENT_TARGET = 13.2;
				MTL_ENABLE_DEBUG_INFO = NO;
				MTL_FAST_MATH = YES;
				SDKROOT = iphoneos;
				VALIDATE_PRODUCT = YES;
			};
			name = Release;
		};
		0477053A241FF3AF003E6BCC /* Debug */ = {
			isa = XCBuildConfiguration;
			buildSettings = {
				ASSETCATALOG_COMPILER_APPICON_NAME = AppIcon;
				CODE_SIGN_STYLE = Automatic;
				DEVELOPMENT_TEAM = M36T693Y9P;
				INFOPLIST_FILE = ObjectiveCMovieDB/Info.plist;
				LD_RUNPATH_SEARCH_PATHS = (
					"$(inherited)",
					"@executable_path/Frameworks",
				);
				PRODUCT_BUNDLE_IDENTIFIER = rff.ObjectiveCMovieDB;
				PRODUCT_NAME = "$(TARGET_NAME)";
				TARGETED_DEVICE_FAMILY = "1,2";
			};
			name = Debug;
		};
		0477053B241FF3AF003E6BCC /* Release */ = {
			isa = XCBuildConfiguration;
			buildSettings = {
				ASSETCATALOG_COMPILER_APPICON_NAME = AppIcon;
				CODE_SIGN_STYLE = Automatic;
				DEVELOPMENT_TEAM = M36T693Y9P;
				INFOPLIST_FILE = ObjectiveCMovieDB/Info.plist;
				LD_RUNPATH_SEARCH_PATHS = (
					"$(inherited)",
					"@executable_path/Frameworks",
				);
				PRODUCT_BUNDLE_IDENTIFIER = rff.ObjectiveCMovieDB;
				PRODUCT_NAME = "$(TARGET_NAME)";
				TARGETED_DEVICE_FAMILY = "1,2";
			};
			name = Release;
		};
/* End XCBuildConfiguration section */

/* Begin XCConfigurationList section */
		0477051B241FF3AC003E6BCC /* Build configuration list for PBXProject "ObjectiveCMovieDB" */ = {
			isa = XCConfigurationList;
			buildConfigurations = (
				04770537241FF3AF003E6BCC /* Debug */,
				04770538241FF3AF003E6BCC /* Release */,
			);
			defaultConfigurationIsVisible = 0;
			defaultConfigurationName = Release;
		};
		04770539241FF3AF003E6BCC /* Build configuration list for PBXNativeTarget "ObjectiveCMovieDB" */ = {
			isa = XCConfigurationList;
			buildConfigurations = (
				0477053A241FF3AF003E6BCC /* Debug */,
				0477053B241FF3AF003E6BCC /* Release */,
			);
			defaultConfigurationIsVisible = 0;
			defaultConfigurationName = Release;
		};
/* End XCConfigurationList section */
	};
	rootObject = 04770518241FF3AC003E6BCC /* Project object */;
}
